{
  "name": "tradition-locksmith",
  "version": "1.0.0",
  "lockfileVersion": 3,
  "requires": true,
  "packages": {
    "": {
      "name": "tradition-locksmith",
      "version": "1.0.0",
      "devDependencies": {
        "@fontsource/jost": "^5.2.8",
        "@fontsource/playfair-display": "^5.2.8"
      }
    },
    "node_modules/@fontsource/jost": {
      "version": "5.2.8",
      "resolved": "https://registry.npmjs.org/@fontsource/jost/-/jost-5.2.8.tgz",
      "integrity": "sha512-PEK7oGJL8r+YZm6BriWhmCql9DhVYTMt0iEQbZHo8mqfIPIZo67Tm68xEIaRA0yB3wsHA7Tm66yMQDIxq3Bjqw==",
      "dev": true,
      "license": "OFL-1.1",
      "funding": {
        "url": "https://github.com/sponsors/ayuhito"
      }
    },
    "node_modules/@fontsource/playfair-display": {
      "version": "5.2.8",
      "resolved": "https://registry.npmjs.org/@fontsource/playfair-display/-/playfair-display-5.2.8.tgz",
      "integrity": "sha512-fUEhib70SszNhQVsGbUMSsWJhr7Je0rdeuZdtGpDNu0GKF1xJM8QhpI/y0pckU25GcChXm9TLOmeZupkvvZo2g==",
      "dev": true,
      "license": "OFL-1.1",
      "funding": {
        "url": "https://github.com/sponsors/ayuhito"
      }
    }
  }
}
